{
  "version": 4,
  "terraform_version": "0.14.4",
  "serial": 70,
  "lineage": "9717ed53-7c49-a85c-18ad-558b4ba7eabe",
  "outputs": {},
  "resources": [
    {
      "module": "module.container",
      "mode": "managed",
      "type": "google_container_cluster",
      "name": "primary",
      "provider": "module.container.provider[\"registry.terraform.io/hashicorp/google\"]",
      "instances": [
        {
          "schema_version": 1,
          "attributes": {
            "addons_config": [
              {
                "cloudrun_config": [],
                "horizontal_pod_autoscaling": [],
                "http_load_balancing": [],
                "network_policy_config": [
                  {
                    "disabled": true
                  }
                ]
              }
            ],
            "authenticator_groups_config": [],
            "cluster_autoscaling": [
              {
                "auto_provisioning_defaults": [],
                "enabled": false,
                "resource_limits": []
              }
            ],
            "cluster_ipv4_cidr": "10.0.0.0/14",
            "database_encryption": [
              {
                "key_name": "",
                "state": "DECRYPTED"
              }
            ],
            "default_max_pods_per_node": null,
            "description": "Glowny kontener naszej aplikacji.",
            "enable_binary_authorization": false,
            "enable_intranode_visibility": null,
            "enable_kubernetes_alpha": false,
            "enable_legacy_abac": false,
            "enable_shielded_nodes": false,
            "enable_tpu": null,
            "endpoint": "35.228.193.44",
            "id": "projects/yndblog/locations/europe-north1/clusters/yndblog-cluster",
            "initial_node_count": 1,
            "instance_group_urls": [
              "https://www.googleapis.com/compute/v1/projects/yndblog/zones/europe-north1-a/instanceGroups/gke-yndblog-cluster-yndblog-node-pool-096b7afd-grp",
              "https://www.googleapis.com/compute/v1/projects/yndblog/zones/europe-north1-b/instanceGroups/gke-yndblog-cluster-yndblog-node-pool-88eeef6d-grp"
            ],
            "ip_allocation_policy": [],
            "label_fingerprint": "a9dc16a7",
            "location": "europe-north1",
            "logging_service": "logging.googleapis.com/kubernetes",
            "maintenance_policy": [],
            "master_auth": [
              {
                "client_certificate": "",
                "client_certificate_config": [
                  {
                    "issue_client_certificate": false
                  }
                ],
                "client_key": "",
                "cluster_ca_certificate": "LS0tLS1CRUdJTiBDRVJUSUZJQ0FURS0tLS0tCk1JSURLakNDQWhLZ0F3SUJBZ0lRWFlqc3U0WGtLNGhsRFVPRkxXUk11akFOQmdrcWhraUc5dzBCQVFzRkFEQXYKTVMwd0t3WURWUVFERXlSak5XSmhZVE0yTXkwek9UTmtMVFEzT1RrdFlqaGlaQzFqTWpBeVpEY3hZV1ExWVdRdwpIaGNOTWpFd01URTVNVEF5TVRRd1doY05Nall3TVRFNE1URXlNVFF3V2pBdk1TMHdLd1lEVlFRREV5UmpOV0poCllUTTJNeTB6T1ROa0xUUTNPVGt0WWpoaVpDMWpNakF5WkRjeFlXUTFZV1F3Z2dFaU1BMEdDU3FHU0liM0RRRUIKQVFVQUE0SUJEd0F3Z2dFS0FvSUJBUURRdTZSZ3EvVTBNN01iWE1SWVdySmpTVENSNjZoRXg2MkIzTWZsNnRLZgpJQTNPN2xNMXdKQXdwb01vSk01QVZBdlR1Tnhaa3dUOWpQeVByaWxqZEVJazFEcW1JRFVHVCtBNyswZkdiTVR3CnJUc0IrRHhERGRuRFlzcDVTYmxqQnRMOVNEa2JEQzRkODFUQ1R5b1UzbmVzL05zZHMxbTBPOHRZdyt6dVhXVmcKQXRjMUJoN3RjNi8wUnpxb2JYSzc5NXJ3NHdhZDhtcmMrdWpzUG5vZk51U05aS1dzNFhpQjNlazRiRmlmK1Y3cwpRM2JNVjEvODN2SE1uZW9lNFpNMTNMb3VZNWkvSG5zUklXTDc5Vm05ejQrQ2Y1NXBUWHpqZTBjb25ZWVVoQlRkCjh0YkVOQnZLOFYrYTZXOHo2UVZWNDhnT281SnFPL1ZJTDcvS1JxRHZEUXAzQWdNQkFBR2pRakJBTUE0R0ExVWQKRHdFQi93UUVBd0lDQkRBUEJnTlZIUk1CQWY4RUJUQURBUUgvTUIwR0ExVWREZ1FXQkJSeDRJQ3N1b3VBSllCNQp5bUlGWGIwNVNpSTNvREFOQmdrcWhraUc5dzBCQVFzRkFBT0NBUUVBSlhyRUVjME1ZNGM4bGU0N1J1U0p1bHg4CnpTcHNmejJZN2x0QjZXNVFRMFlZbDh3czV4UHlYOERKRkptTFQwTHAxdUZ3WlN0TjhIZ0FBNFV2Qzk5OGtQNHAKK3BzeGx4aStJR0ZjSlJYb25hcjZJSG1BNGtiUm8zekR5VTdpcEVGUWZFYno3WjRXL0Yrd0UwVXhZRUpIRjlZbAp3MnNMYlZqV2xXVitlQXNwcklnZ3pKemR2TnVCL0ErcFkxSGhqbzRqVVVhcjdTMXYyWWYxbzloWG5XbDFybmIxCkFldkswYjN5VnRwbWMvUFpFNXNqa3lnd2toa2RKb1VuWDFhbUNGL1hxcWh5SHl2Ti9ObjNPZXpPYVBSckFXTmwKYkcyQkNWYVJSNXN3eXpNMHhrTEtjckFjRnE5VXFjeVpYQW4wWk11YkhMOVNoV3o3UlVSZHkzRk52TVlZeHc9PQotLS0tLUVORCBDRVJUSUZJQ0FURS0tLS0tCg==",
                "password": "",
                "username": ""
              }
            ],
            "master_authorized_networks_config": [],
            "master_version": "1.16.15-gke.6000",
            "min_master_version": null,
            "monitoring_service": "monitoring.googleapis.com/kubernetes",
            "name": "yndblog-cluster",
            "network": "projects/yndblog/global/networks/default",
            "network_policy": [
              {
                "enabled": false,
                "provider": "PROVIDER_UNSPECIFIED"
              }
            ],
            "node_config": [
              {
                "disk_size_gb": 100,
                "disk_type": "pd-standard",
                "guest_accelerator": [],
                "image_type": "COS",
                "labels": {},
                "local_ssd_count": 0,
                "machine_type": "g1-small",
                "metadata": {
                  "disable-legacy-endpoints": "true"
                },
                "min_cpu_platform": "",
                "oauth_scopes": [
                  "https://www.googleapis.com/auth/cloud-platform",
                  "https://www.googleapis.com/auth/logging.write",
                  "https://www.googleapis.com/auth/monitoring"
                ],
                "preemptible": true,
                "service_account": "yndblog@yndblog.iam.gserviceaccount.com",
                "shielded_instance_config": [
                  {
                    "enable_integrity_monitoring": true,
                    "enable_secure_boot": false
                  }
                ],
                "tags": [],
                "taint": [],
                "workload_metadata_config": []
              }
            ],
            "node_locations": [
              "europe-north1-a",
              "europe-north1-b"
            ],
            "node_pool": [
              {
                "autoscaling": [],
                "initial_node_count": 1,
                "instance_group_urls": [
                  "https://www.googleapis.com/compute/v1/projects/yndblog/zones/europe-north1-a/instanceGroupManagers/gke-yndblog-cluster-yndblog-node-pool-096b7afd-grp",
                  "https://www.googleapis.com/compute/v1/projects/yndblog/zones/europe-north1-b/instanceGroupManagers/gke-yndblog-cluster-yndblog-node-pool-88eeef6d-grp"
                ],
                "management": [
                  {
                    "auto_repair": true,
                    "auto_upgrade": true
                  }
                ],
                "max_pods_per_node": 0,
                "name": "yndblog-node-pool",
                "name_prefix": "",
                "node_config": [
                  {
                    "disk_size_gb": 100,
                    "disk_type": "pd-standard",
                    "guest_accelerator": [],
                    "image_type": "COS",
                    "labels": {},
                    "local_ssd_count": 0,
                    "machine_type": "g1-small",
                    "metadata": {
                      "disable-legacy-endpoints": "true"
                    },
                    "min_cpu_platform": "",
                    "oauth_scopes": [
                      "https://www.googleapis.com/auth/cloud-platform",
                      "https://www.googleapis.com/auth/logging.write",
                      "https://www.googleapis.com/auth/monitoring"
                    ],
                    "preemptible": true,
                    "service_account": "yndblog@yndblog.iam.gserviceaccount.com",
                    "shielded_instance_config": [
                      {
                        "enable_integrity_monitoring": true,
                        "enable_secure_boot": false
                      }
                    ],
                    "tags": [],
                    "taint": [],
                    "workload_metadata_config": []
                  }
                ],
                "node_count": 1,
                "node_locations": [
                  "europe-north1-a",
                  "europe-north1-b"
                ],
                "upgrade_settings": [
                  {
                    "max_surge": 1,
                    "max_unavailable": 0
                  }
                ],
                "version": "1.16.15-gke.6000"
              }
            ],
            "node_version": "1.16.15-gke.6000",
            "operation": null,
            "pod_security_policy_config": [],
            "private_cluster_config": [],
            "project": "yndblog",
            "release_channel": [
              {
                "channel": "UNSPECIFIED"
              }
            ],
            "remove_default_node_pool": true,
            "resource_labels": {},
            "resource_usage_export_config": [],
            "self_link": "https://container.googleapis.com/v1beta1/projects/yndblog/locations/europe-north1/clusters/yndblog-cluster",
            "services_ipv4_cidr": "10.3.240.0/20",
            "subnetwork": "projects/yndblog/regions/europe-north1/subnetworks/default",
            "timeouts": null,
            "vertical_pod_autoscaling": [],
            "workload_identity_config": []
          },
          "sensitive_attributes": [],
          "private": "eyJlMmJmYjczMC1lY2FhLTExZTYtOGY4OC0zNDM2M2JjN2M0YzAiOnsiY3JlYXRlIjoyNDAwMDAwMDAwMDAwLCJkZWxldGUiOjI0MDAwMDAwMDAwMDAsInJlYWQiOjI0MDAwMDAwMDAwMDAsInVwZGF0ZSI6MzYwMDAwMDAwMDAwMH0sInNjaGVtYV92ZXJzaW9uIjoiMSJ9"
        }
      ]
    },
    {
      "module": "module.db",
      "mode": "managed",
      "type": "google_sql_database",
      "name": "postgres-db",
      "provider": "provider[\"registry.terraform.io/hashicorp/google\"]",
      "instances": [
        {
          "schema_version": 0,
          "attributes": {
            "charset": "UTF8",
            "collation": "en_US.UTF8",
            "id": "projects/yndblog/instances/postgres-db-instance-b9cdc64f/databases/postgres-db",
            "instance": "postgres-db-instance-b9cdc64f",
            "name": "postgres-db",
            "project": "yndblog",
            "self_link": "https://sqladmin.googleapis.com/sql/v1beta4/projects/yndblog/instances/postgres-db-instance-b9cdc64f/databases/postgres-db",
            "timeouts": null
          },
          "sensitive_attributes": []
        }
      ]
    },
    {
      "module": "module.db",
      "mode": "managed",
      "type": "google_sql_user",
      "name": "postgresql_user",
      "provider": "provider[\"registry.terraform.io/hashicorp/google\"]",
      "instances": [
        {
          "schema_version": 1,
          "attributes": {
            "deletion_policy": null,
            "host": "",
            "id": "blog_backend//postgres-db-instance-b9cdc64f",
            "instance": "postgres-db-instance-b9cdc64f",
            "name": "blog_backend",
            "password": "1a404df79faeb347",
            "project": "yndblog",
            "timeouts": null,
            "type": ""
          },
          "sensitive_attributes": []
        }
      ]
    },
    {
      "module": "module.db",
      "mode": "managed",
      "type": "random_id",
      "name": "db_name_suffix",
      "provider": "provider[\"registry.terraform.io/hashicorp/random\"]",
      "instances": [
        {
          "schema_version": 0,
          "attributes": {
            "b64_std": "uc3GTw==",
            "b64_url": "uc3GTw",
            "byte_length": 4,
            "dec": "3117270607",
            "hex": "b9cdc64f",
            "id": "uc3GTw",
            "keepers": null,
            "prefix": null
          },
          "sensitive_attributes": [],
          "private": "bnVsbA=="
        }
      ]
    },
    {
      "module": "module.db",
      "mode": "managed",
      "type": "random_id",
      "name": "user_password",
      "provider": "provider[\"registry.terraform.io/hashicorp/random\"]",
      "instances": [
        {
          "schema_version": 0,
          "attributes": {
            "b64_std": "GkBN95+us0c=",
            "b64_url": "GkBN95-us0c",
            "byte_length": 8,
            "dec": "1891597569426895687",
            "hex": "1a404df79faeb347",
            "id": "GkBN95-us0c",
            "keepers": null,
            "prefix": null
          },
          "sensitive_attributes": [],
          "private": "bnVsbA=="
        }
      ]
    }
  ]
}
