{
  "version": 4,
  "terraform_version": "0.14.4",
  "serial": 126,
  "lineage": "9717ed53-7c49-a85c-18ad-558b4ba7eabe",
  "outputs": {},
  "resources": [
    {
      "module": "module.container",
      "mode": "managed",
      "type": "google_container_cluster",
      "name": "primary",
      "provider": "module.container.provider[\"registry.terraform.io/hashicorp/google\"]",
      "instances": [
        {
          "schema_version": 1,
          "attributes": {
            "addons_config": [
              {
                "cloudrun_config": [],
                "horizontal_pod_autoscaling": [],
                "http_load_balancing": [],
                "network_policy_config": [
                  {
                    "disabled": true
                  }
                ]
              }
            ],
            "authenticator_groups_config": [],
            "cluster_autoscaling": [
              {
                "auto_provisioning_defaults": [],
                "enabled": false,
                "resource_limits": []
              }
            ],
            "cluster_ipv4_cidr": "10.0.0.0/14",
            "database_encryption": [
              {
                "key_name": "",
                "state": "DECRYPTED"
              }
            ],
            "default_max_pods_per_node": null,
            "description": "Glowny kontener naszej aplikacji.",
            "enable_binary_authorization": false,
            "enable_intranode_visibility": null,
            "enable_kubernetes_alpha": false,
            "enable_legacy_abac": false,
            "enable_shielded_nodes": false,
            "enable_tpu": null,
            "endpoint": "35.228.219.146",
            "id": "projects/yndblog/locations/europe-north1/clusters/yndblog-cluster",
            "initial_node_count": 1,
            "instance_group_urls": [],
            "ip_allocation_policy": [],
            "label_fingerprint": "a9dc16a7",
            "location": "europe-north1",
            "logging_service": "logging.googleapis.com/kubernetes",
            "maintenance_policy": [],
            "master_auth": [
              {
                "client_certificate": "",
                "client_certificate_config": [
                  {
                    "issue_client_certificate": false
                  }
                ],
                "client_key": "",
                "cluster_ca_certificate": "LS0tLS1CRUdJTiBDRVJUSUZJQ0FURS0tLS0tCk1JSURLekNDQWhPZ0F3SUJBZ0lSQU9tdi9RRmo4cmEwVEdlVDk0eEpWcFF3RFFZSktvWklodmNOQVFFTEJRQXcKTHpFdE1Dc0dBMVVFQXhNa00yUTBNRGc0T1dRdE1tRmxaUzAwWVRCaUxUazNOVFl0T1RObVpHVmpaamxrWTJFNQpNQjRYRFRJeE1ERXhPVEV6TWpreE5Wb1hEVEkyTURFeE9ERTBNamt4TlZvd0x6RXRNQ3NHQTFVRUF4TWtNMlEwCk1EZzRPV1F0TW1GbFpTMDBZVEJpTFRrM05UWXRPVE5tWkdWalpqbGtZMkU1TUlJQklqQU5CZ2txaGtpRzl3MEIKQVFFRkFBT0NBUThBTUlJQkNnS0NBUUVBcWJVRmgzUGJzSEhyUUQ3VXU1THNtbjVWc2czb1ZSeDhaRzFHd1RMQQptTXFYeTVyMk52UUpIQ2w0N28xdmJEOHNMN0p2VUxDWnZyOTAvZ253WllITGs4ZjhIUXM3RFBwa21TQXFxbS9kCklTbUxwbWVQbThPdjRQaFBTSHF2cXp4YW03Z1F6U3hVdmJRRDFLV1NHT21PaXEzTytlaWh4eXpDM0NIYmZ2bUYKcmcrUVNxenNqWi9WRDdGemY2cG41RytPK25ZemJmSnAxU2hBaXM2Snpxem84MUJsNFgvb1pJdlZPTmt2Z2N3Vgp1RnUrRW92ZzF0QlRoV2NOTTBLMUM0dW44WXk5UXRzTHk1ZDNWNHU4Vm9JNzQrd29ESGJPSVphSnluUW1VMTV5CmxXR1JSU0pKVnh6NTg1WnNHTnN0WGlJaEowak1DWDdnT0MybnJxMHVhNi9RM1FJREFRQUJvMEl3UURBT0JnTlYKSFE4QkFmOEVCQU1DQWdRd0R3WURWUjBUQVFIL0JBVXdBd0VCL3pBZEJnTlZIUTRFRmdRVW1UNmZZNU1nSUFabAp4NjZMQkxtM1hSN1B6RDR3RFFZSktvWklodmNOQVFFTEJRQURnZ0VCQUgrTzYxTndTN1UvZXo1ZDhxaDNwOEc0Cmo4cXB3U3JJQTNHek9yY2lmK0dGdUhXekx4KzRBbWN6bmJCTkNVR0d6OWRoR0Y4ZEZEekVDM2tjeW5DZ0VKaW0KNEsxd1BHZy9Lc0t5bHQzMXRzYm5jZU5Hd3c5cEszREN5ZUV1bHhGa0RMNEF2ODlsYVppMURuSlFSMTRMUUcrKwozSVlJbDhpOTZHYmMya3YvdExZU1ZLZmFwejNneVFGMU1qWkUxdUJOaHdKWVRFQkNVNVEramdVajJRVHJON0hlCmEzUWsyV3lRRThGVVpvQ3gzR2IzOGFVUnhTSGZmVlhUQy8wOHJITjZYbU1DWFFsK3hWY0JRWVR4Ky9ZZWFTL08KVTh0SisxajVLN0hicyt3amYzQ3NkVHZhaXpFaGd6SCsxSEE1OCtwK1dEbXZ1c3Q2eGZQT29NRUVoeTJ5V0pFPQotLS0tLUVORCBDRVJUSUZJQ0FURS0tLS0tCg==",
                "password": "",
                "username": ""
              }
            ],
            "master_authorized_networks_config": [],
            "master_version": "1.16.15-gke.6000",
            "min_master_version": null,
            "monitoring_service": "monitoring.googleapis.com/kubernetes",
            "name": "yndblog-cluster",
            "network": "projects/yndblog/global/networks/default",
            "network_policy": [
              {
                "enabled": false,
                "provider": "PROVIDER_UNSPECIFIED"
              }
            ],
            "node_config": [],
            "node_locations": [
              "europe-north1-a",
              "europe-north1-b"
            ],
            "node_pool": [],
            "node_version": "1.16.15-gke.6000",
            "operation": null,
            "pod_security_policy_config": [],
            "private_cluster_config": [],
            "project": "yndblog",
            "release_channel": [
              {
                "channel": "UNSPECIFIED"
              }
            ],
            "remove_default_node_pool": true,
            "resource_labels": null,
            "resource_usage_export_config": [],
            "self_link": "https://container.googleapis.com/v1beta1/projects/yndblog/locations/europe-north1/clusters/yndblog-cluster",
            "services_ipv4_cidr": "10.3.240.0/20",
            "subnetwork": "projects/yndblog/regions/europe-north1/subnetworks/default",
            "timeouts": null,
            "vertical_pod_autoscaling": [],
            "workload_identity_config": []
          },
          "sensitive_attributes": [],
          "private": "eyJlMmJmYjczMC1lY2FhLTExZTYtOGY4OC0zNDM2M2JjN2M0YzAiOnsiY3JlYXRlIjoyNDAwMDAwMDAwMDAwLCJkZWxldGUiOjI0MDAwMDAwMDAwMDAsInJlYWQiOjI0MDAwMDAwMDAwMDAsInVwZGF0ZSI6MzYwMDAwMDAwMDAwMH0sInNjaGVtYV92ZXJzaW9uIjoiMSJ9"
        }
      ]
    },
    {
      "module": "module.container",
      "mode": "managed",
      "type": "google_container_node_pool",
      "name": "primary_preemptible_node",
      "provider": "module.container.provider[\"registry.terraform.io/hashicorp/google\"]",
      "instances": [
        {
          "schema_version": 1,
          "attributes": {
            "autoscaling": [],
            "cluster": "yndblog-cluster",
            "id": "projects/yndblog/locations/europe-north1/clusters/yndblog-cluster/nodePools/yndblog-node-pool",
            "initial_node_count": 1,
            "instance_group_urls": [
              "https://www.googleapis.com/compute/v1/projects/yndblog/zones/europe-north1-a/instanceGroupManagers/gke-yndblog-cluster-yndblog-node-pool-077a54b3-grp",
              "https://www.googleapis.com/compute/v1/projects/yndblog/zones/europe-north1-b/instanceGroupManagers/gke-yndblog-cluster-yndblog-node-pool-2c419428-grp"
            ],
            "location": "europe-north1",
            "management": [
              {
                "auto_repair": true,
                "auto_upgrade": true
              }
            ],
            "max_pods_per_node": null,
            "name": "yndblog-node-pool",
            "name_prefix": "",
            "node_config": [
              {
                "disk_size_gb": 100,
                "disk_type": "pd-standard",
                "guest_accelerator": [],
                "image_type": "COS",
                "labels": {},
                "local_ssd_count": 0,
                "machine_type": "g1-small",
                "metadata": {
                  "disable-legacy-endpoints": "true"
                },
                "min_cpu_platform": "",
                "oauth_scopes": [
                  "https://www.googleapis.com/auth/cloud-platform",
                  "https://www.googleapis.com/auth/logging.write",
                  "https://www.googleapis.com/auth/monitoring"
                ],
                "preemptible": true,
                "service_account": "yndblog@yndblog.iam.gserviceaccount.com",
                "shielded_instance_config": [
                  {
                    "enable_integrity_monitoring": true,
                    "enable_secure_boot": false
                  }
                ],
                "tags": null,
                "taint": [],
                "workload_metadata_config": []
              }
            ],
            "node_count": 1,
            "node_locations": [
              "europe-north1-a",
              "europe-north1-b"
            ],
            "project": "yndblog",
            "timeouts": null,
            "upgrade_settings": [
              {
                "max_surge": 1,
                "max_unavailable": 0
              }
            ],
            "version": "1.16.15-gke.6000"
          },
          "sensitive_attributes": [],
          "private": "eyJlMmJmYjczMC1lY2FhLTExZTYtOGY4OC0zNDM2M2JjN2M0YzAiOnsiY3JlYXRlIjoxODAwMDAwMDAwMDAwLCJkZWxldGUiOjE4MDAwMDAwMDAwMDAsInVwZGF0ZSI6MTgwMDAwMDAwMDAwMH0sInNjaGVtYV92ZXJzaW9uIjoiMSJ9",
          "dependencies": [
            "module.container.google_container_cluster.primary"
          ]
        }
      ]
    },
    {
      "module": "module.gcn",
      "mode": "managed",
      "type": "google_compute_network",
      "name": "vpc_network",
      "provider": "provider[\"registry.terraform.io/hashicorp/google\"]",
      "instances": [
        {
          "schema_version": 0,
          "attributes": {
            "auto_create_subnetworks": false,
            "delete_default_routes_on_create": false,
            "description": "",
            "gateway_ipv4": "",
            "id": "projects/yndblog/global/networks/vpc-network",
            "mtu": 1500,
            "name": "vpc-network",
            "project": "yndblog",
            "routing_mode": "REGIONAL",
            "self_link": "https://www.googleapis.com/compute/v1/projects/yndblog/global/networks/vpc-network",
            "timeouts": null
          },
          "sensitive_attributes": [],
          "private": "eyJlMmJmYjczMC1lY2FhLTExZTYtOGY4OC0zNDM2M2JjN2M0YzAiOnsiY3JlYXRlIjoyNDAwMDAwMDAwMDAsImRlbGV0ZSI6MjQwMDAwMDAwMDAwLCJ1cGRhdGUiOjI0MDAwMDAwMDAwMH19"
        }
      ]
    }
  ]
}
