{
  "version": 4,
  "terraform_version": "0.14.4",
  "serial": 154,
  "lineage": "9717ed53-7c49-a85c-18ad-558b4ba7eabe",
  "outputs": {
    "db": {
      "value": "10.35.0.3",
      "type": "string"
    }
  },
  "resources": [
    {
      "module": "module.container",
      "mode": "data",
      "type": "google_client_config",
      "name": "provider",
      "provider": "module.container.provider[\"registry.terraform.io/hashicorp/google\"]",
      "instances": [
        {
          "schema_version": 0,
          "attributes": {
            "access_token": "ya29.c.KqYB7wcaeWzM12O_F6bbTzBMZBaLkK8J3G2DwKjtZCnDvakceFznKwQO8Xc_i4iE3mxt0O3PJS_XTbtsiDbmXYnFealzkPoFYpZo3S88XHLwSFrgujyntPtCo5nouDjjNnKZ5xD8h0VO8aIiNeTl4_IAQUl1AyAhjHFYA_Yl6DR2ekJWKENWN9qSP6Em5JjGDZ9tkrtCXuFZjMb1s-uvBm0GSeXbpvIBvQ",
            "id": "projects/yndblog/regions/europe-north1/zones/europe-north1-a",
            "project": "yndblog",
            "region": "europe-north1",
            "zone": "europe-north1-a"
          },
          "sensitive_attributes": []
        }
      ]
    },
    {
      "module": "module.container",
      "mode": "managed",
      "type": "google_container_cluster",
      "name": "primary",
      "provider": "module.container.provider[\"registry.terraform.io/hashicorp/google\"]",
      "instances": [
        {
          "schema_version": 1,
          "attributes": {
            "addons_config": [
              {
                "cloudrun_config": [],
                "horizontal_pod_autoscaling": [],
                "http_load_balancing": [],
                "network_policy_config": [
                  {
                    "disabled": true
                  }
                ]
              }
            ],
            "authenticator_groups_config": [],
            "cluster_autoscaling": [
              {
                "auto_provisioning_defaults": [],
                "enabled": false,
                "resource_limits": []
              }
            ],
            "cluster_ipv4_cidr": "10.0.0.0/14",
            "database_encryption": [
              {
                "key_name": "",
                "state": "DECRYPTED"
              }
            ],
            "default_max_pods_per_node": null,
            "description": "Glowny kontener naszej aplikacji.",
            "enable_binary_authorization": false,
            "enable_intranode_visibility": null,
            "enable_kubernetes_alpha": false,
            "enable_legacy_abac": false,
            "enable_shielded_nodes": false,
            "enable_tpu": null,
            "endpoint": "35.228.95.99",
            "id": "projects/yndblog/locations/europe-north1/clusters/yndblog-cluster",
            "initial_node_count": 1,
            "instance_group_urls": [],
            "ip_allocation_policy": [],
            "label_fingerprint": "a9dc16a7",
            "location": "europe-north1",
            "logging_service": "logging.googleapis.com/kubernetes",
            "maintenance_policy": [],
            "master_auth": [
              {
                "client_certificate": "",
                "client_certificate_config": [
                  {
                    "issue_client_certificate": false
                  }
                ],
                "client_key": "",
                "cluster_ca_certificate": "LS0tLS1CRUdJTiBDRVJUSUZJQ0FURS0tLS0tCk1JSURLakNDQWhLZ0F3SUJBZ0lRVytPemk0Z0tlelJDU29jTnpTdjRSakFOQmdrcWhraUc5dzBCQVFzRkFEQXYKTVMwd0t3WURWUVFERXlRNFkyWXhOVGszTXkwNE1UazFMVFEzWmprdFlqbGxNUzFrWkRnNU0yVmlOMlF4T1RRdwpIaGNOTWpFd01USXhNVE13TlRRM1doY05Nall3TVRJd01UUXdOVFEzV2pBdk1TMHdLd1lEVlFRREV5UTRZMll4Ck5UazNNeTA0TVRrMUxUUTNaamt0WWpsbE1TMWtaRGc1TTJWaU4yUXhPVFF3Z2dFaU1BMEdDU3FHU0liM0RRRUIKQVFVQUE0SUJEd0F3Z2dFS0FvSUJBUUN6elhNQmtMUzdsSm90OGl6MDI2Z01UaWUra0k0OHd4Q0pSSjZiUE5ScwpLd1ZELzllSUhKUVV0VFV2NkZxTVdud1dBNzhFc2RPNjNFQUVraURla2lZZHd3cEtaQ1VQWDFXQ1lCVGpGUTFPCldBR0Y5a2pPeDl6UVJuNHJKdjV1ZnVvTG1KZFFKK09BLzBvY2FpY0NvSk8zOWszaS9ZQ25zV0wxQmg3NzFZVDIKVVkwVmtGbldZck9GUUdnV3lDVTViTEVJWmYwSXZaUk9VY2tGejZ3S0crV3hjVmJtSmJUakVCZHBSRU1uT0JkbQo0QmlwUmpkb21xbDRYNEdyTkRJTGR6NlpicVdpaDhZMmtxTUxWOEdaUDUzY1pVNjQyMVV3R2NaenM0VEJLN0NnCjB2aGNycWF0NCtYN1lDSlhrV2JJNzZlZnMvUkFFQXp2R3R0RzVkVUJieEpkQWdNQkFBR2pRakJBTUE0R0ExVWQKRHdFQi93UUVBd0lDQkRBUEJnTlZIUk1CQWY4RUJUQURBUUgvTUIwR0ExVWREZ1FXQkJRSUZHbWdPWHF1NFlxRgoyK00rcGtmMnREaGZ2akFOQmdrcWhraUc5dzBCQVFzRkFBT0NBUUVBZ1VBNU10T1BqMC9zQ1QyTjZUQVRHbHdyCkQwdUdJTVdoa1VIRGUxU3dtTUlERUR2ZlFoeHJ2czJOajlXYkRRSzlQc3VsZ0dTczlvWVUvMFA1dVBQSmxLTXoKeUtpcUxXcjk0S2dWSlhJOWpYK0ZUTDFWQVBORlpCV3hTSWxQcW8zdVEvTWk4a0pHUyt6SDZGUnNJN0ZlT1FUZwp5a1Q2bnllSzRSdG4zZURRU0M4V3l2Q0dUczV4bHBkOVlCNGZJWFFyeG45eXdEa1A2dFpCSjZ0bWdLUXZETWs1CnlqK0pBOTRibldNT09pR2NCN0dneXNnOXFOaFhpdHRhcUQ2dGs0bzJydGdXTzBGaXQ2a1lqQnR6N2trMENVa3IKdTQ3bzV4bmVPb3Rwc04wdE9qZkM5TklObDZtT1VnZEpCR0dWZ2FYRSs2Vnl4U1VocS9XWU1YQXJoaDk2WGc9PQotLS0tLUVORCBDRVJUSUZJQ0FURS0tLS0tCg==",
                "password": "",
                "username": ""
              }
            ],
            "master_authorized_networks_config": [],
            "master_version": "1.16.15-gke.6000",
            "min_master_version": null,
            "monitoring_service": "monitoring.googleapis.com/kubernetes",
            "name": "yndblog-cluster",
            "network": "projects/yndblog/global/networks/default",
            "network_policy": [
              {
                "enabled": false,
                "provider": "PROVIDER_UNSPECIFIED"
              }
            ],
            "node_config": [],
            "node_locations": [
              "europe-north1-a",
              "europe-north1-c"
            ],
            "node_pool": [],
            "node_version": "1.16.15-gke.6000",
            "operation": null,
            "pod_security_policy_config": [],
            "private_cluster_config": [],
            "project": "yndblog",
            "release_channel": [
              {
                "channel": "UNSPECIFIED"
              }
            ],
            "remove_default_node_pool": true,
            "resource_labels": null,
            "resource_usage_export_config": [],
            "self_link": "https://container.googleapis.com/v1beta1/projects/yndblog/locations/europe-north1/clusters/yndblog-cluster",
            "services_ipv4_cidr": "10.3.240.0/20",
            "subnetwork": "projects/yndblog/regions/europe-north1/subnetworks/default",
            "timeouts": null,
            "vertical_pod_autoscaling": [],
            "workload_identity_config": []
          },
          "sensitive_attributes": [],
          "private": "eyJlMmJmYjczMC1lY2FhLTExZTYtOGY4OC0zNDM2M2JjN2M0YzAiOnsiY3JlYXRlIjoyNDAwMDAwMDAwMDAwLCJkZWxldGUiOjI0MDAwMDAwMDAwMDAsInJlYWQiOjI0MDAwMDAwMDAwMDAsInVwZGF0ZSI6MzYwMDAwMDAwMDAwMH0sInNjaGVtYV92ZXJzaW9uIjoiMSJ9"
        }
      ]
    },
    {
      "module": "module.container",
      "mode": "managed",
      "type": "google_container_node_pool",
      "name": "primary_preemptible_node",
      "provider": "module.container.provider[\"registry.terraform.io/hashicorp/google\"]",
      "instances": [
        {
          "schema_version": 1,
          "attributes": {
            "autoscaling": [],
            "cluster": "yndblog-cluster",
            "id": "projects/yndblog/locations/europe-north1/clusters/yndblog-cluster/nodePools/yndblog-node-pool",
            "initial_node_count": 1,
            "instance_group_urls": [
              "https://www.googleapis.com/compute/v1/projects/yndblog/zones/europe-north1-a/instanceGroupManagers/gke-yndblog-cluster-yndblog-node-pool-a5d81015-grp",
              "https://www.googleapis.com/compute/v1/projects/yndblog/zones/europe-north1-c/instanceGroupManagers/gke-yndblog-cluster-yndblog-node-pool-393be8e3-grp"
            ],
            "location": "europe-north1",
            "management": [
              {
                "auto_repair": true,
                "auto_upgrade": true
              }
            ],
            "max_pods_per_node": null,
            "name": "yndblog-node-pool",
            "name_prefix": "",
            "node_config": [
              {
                "disk_size_gb": 100,
                "disk_type": "pd-standard",
                "guest_accelerator": [],
                "image_type": "COS",
                "labels": {},
                "local_ssd_count": 0,
                "machine_type": "g1-small",
                "metadata": {
                  "disable-legacy-endpoints": "true"
                },
                "min_cpu_platform": "",
                "oauth_scopes": [
                  "https://www.googleapis.com/auth/cloud-platform",
                  "https://www.googleapis.com/auth/logging.write",
                  "https://www.googleapis.com/auth/monitoring"
                ],
                "preemptible": true,
                "service_account": "yndblog@yndblog.iam.gserviceaccount.com",
                "shielded_instance_config": [
                  {
                    "enable_integrity_monitoring": true,
                    "enable_secure_boot": false
                  }
                ],
                "tags": null,
                "taint": [],
                "workload_metadata_config": []
              }
            ],
            "node_count": 1,
            "node_locations": [
              "europe-north1-a",
              "europe-north1-c"
            ],
            "project": "yndblog",
            "timeouts": null,
            "upgrade_settings": [
              {
                "max_surge": 1,
                "max_unavailable": 0
              }
            ],
            "version": "1.16.15-gke.6000"
          },
          "sensitive_attributes": [],
          "private": "eyJlMmJmYjczMC1lY2FhLTExZTYtOGY4OC0zNDM2M2JjN2M0YzAiOnsiY3JlYXRlIjoxODAwMDAwMDAwMDAwLCJkZWxldGUiOjE4MDAwMDAwMDAwMDAsInVwZGF0ZSI6MTgwMDAwMDAwMDAwMH0sInNjaGVtYV92ZXJzaW9uIjoiMSJ9",
          "dependencies": [
            "module.container.google_container_cluster.primary"
          ]
        }
      ]
    },
    {
      "module": "module.db",
      "mode": "managed",
      "type": "google_sql_database",
      "name": "postgres-db",
      "provider": "provider[\"registry.terraform.io/hashicorp/google\"]",
      "instances": [
        {
          "schema_version": 0,
          "attributes": {
            "charset": "UTF8",
            "collation": "en_US.UTF8",
            "id": "projects/yndblog/instances/postgres-db-instance-edf0c351/databases/postgres-db",
            "instance": "postgres-db-instance-edf0c351",
            "name": "postgres-db",
            "project": "yndblog",
            "self_link": "https://sqladmin.googleapis.com/sql/v1beta4/projects/yndblog/instances/postgres-db-instance-edf0c351/databases/postgres-db",
            "timeouts": null
          },
          "sensitive_attributes": [],
          "private": "eyJlMmJmYjczMC1lY2FhLTExZTYtOGY4OC0zNDM2M2JjN2M0YzAiOnsiY3JlYXRlIjo5MDAwMDAwMDAwMDAsImRlbGV0ZSI6NjAwMDAwMDAwMDAwLCJ1cGRhdGUiOjYwMDAwMDAwMDAwMH19",
          "dependencies": [
            "module.db.google_sql_database_instance.db",
            "module.db.random_id.db_name_suffix",
            "module.gcn.google_compute_network.vpc_network"
          ]
        }
      ]
    },
    {
      "module": "module.db",
      "mode": "managed",
      "type": "google_sql_database_instance",
      "name": "db",
      "provider": "provider[\"registry.terraform.io/hashicorp/google\"]",
      "instances": [
        {
          "schema_version": 0,
          "attributes": {
            "connection_name": "yndblog:europe-north1:postgres-db-instance-edf0c351",
            "database_version": "POSTGRES_13",
            "deletion_protection": false,
            "first_ip_address": "10.35.0.3",
            "id": "postgres-db-instance-edf0c351",
            "ip_address": [
              {
                "ip_address": "10.35.0.3",
                "time_to_retire": "",
                "type": "PRIVATE"
              }
            ],
            "master_instance_name": "",
            "name": "postgres-db-instance-edf0c351",
            "private_ip_address": "10.35.0.3",
            "project": "yndblog",
            "public_ip_address": "",
            "region": "europe-north1",
            "replica_configuration": [],
            "root_password": null,
            "self_link": "https://sqladmin.googleapis.com/sql/v1beta4/projects/yndblog/instances/postgres-db-instance-edf0c351",
            "server_ca_cert": [
              {
                "cert": "-----BEGIN CERTIFICATE-----\nMIIDfzCCAmegAwIBAgIBADANBgkqhkiG9w0BAQsFADB3MS0wKwYDVQQuEyRhYTJm\nMzcwZi0xMDg0LTQ0YzQtYTFiMi04Y2MxN2JiZGUyOGMxIzAhBgNVBAMTGkdvb2ds\nZSBDbG91ZCBTUUwgU2VydmVyIENBMRQwEgYDVQQKEwtHb29nbGUsIEluYzELMAkG\nA1UEBhMCVVMwHhcNMjEwMTIxMTM0NjI3WhcNMzEwMTE5MTM0NzI3WjB3MS0wKwYD\nVQQuEyRhYTJmMzcwZi0xMDg0LTQ0YzQtYTFiMi04Y2MxN2JiZGUyOGMxIzAhBgNV\nBAMTGkdvb2dsZSBDbG91ZCBTUUwgU2VydmVyIENBMRQwEgYDVQQKEwtHb29nbGUs\nIEluYzELMAkGA1UEBhMCVVMwggEiMA0GCSqGSIb3DQEBAQUAA4IBDwAwggEKAoIB\nAQC1B3THScSFBhSM04kEOoYbX/OUjS9wNmHty2EbEDmzoBpTu3idx11UyWo6oKKr\n/dnU6f0LULtzQEu9L6n6eiwusV6+Ez05Uhu2/sluqGkMe1tcytqMCVW5OtVVNE3G\ne4GdjAxIuUZKMM/Cnh+Z0M6qqa+WdrRyCDQPft2e4jjrPgnPgRYZ87EwNgZ7u29V\nnh952KJeNu69fK/Ine2aMQHKYStDIjXc6TubULAEq9IxjzSISIzvk6SmjiH/pzBC\nJ5+PEf4ATB6LMvUJmDG3fLSCgeadntTJe/etZhFZ7SJIp5OqL156AUFb1o4SaE/6\nojGGsZiX4S0egSiHQmVjP3xtAgMBAAGjFjAUMBIGA1UdEwEB/wQIMAYBAf8CAQAw\nDQYJKoZIhvcNAQELBQADggEBADV/yDHNs3TEno6jVs/VQO2pqx1m+pvSONRMq+ej\nZbdtpEm1TR+WyPA7uZpCiP5xNpa5nBkdig+H+6nGRtqQ9/NXCUQD3SD5hYQ0E2BR\n/MItZ7PeRsbhe1xfnOEEydCNDUhEuMVjds5baz+gzRmr9d4xPfX3Pg/nnBC0LfzW\nkji/vHn6MPh/n6na5SAtm52u/UpDYy7GcdIWHwyzdIZsV/dwIL9BktI2++S0Gvra\n9kEeZafwyShPVvUJ4cjwlsoFg5YXol36xyztgheysqPU18+J/ngdQMGq86fcQ5RF\nVeTyjtcWQkoMlyXqtLvHfVCoEPOVk/0+VuYDUaIXIrMIVo4=\n-----END CERTIFICATE-----",
                "common_name": "C=US,O=Google\\, Inc,CN=Google Cloud SQL Server CA,dnQualifier=aa2f370f-1084-44c4-a1b2-8cc17bbde28c",
                "create_time": "2021-01-21T13:46:27.339Z",
                "expiration_time": "2031-01-19T13:47:27.339Z",
                "sha1_fingerprint": "55e3f46b0f1e6a76435aba85642669c374c15a1a"
              }
            ],
            "service_account_email_address": "p109396807555-qpkhfq@gcp-sa-cloud-sql.iam.gserviceaccount.com",
            "settings": [
              {
                "activation_policy": "ALWAYS",
                "authorized_gae_applications": [],
                "availability_type": "ZONAL",
                "backup_configuration": [
                  {
                    "binary_log_enabled": false,
                    "enabled": false,
                    "location": "",
                    "point_in_time_recovery_enabled": false,
                    "start_time": "19:00"
                  }
                ],
                "crash_safe_replication": false,
                "database_flags": [],
                "disk_autoresize": true,
                "disk_size": 10,
                "disk_type": "PD_SSD",
                "ip_configuration": [
                  {
                    "authorized_networks": [],
                    "ipv4_enabled": false,
                    "private_network": "projects/yndblog/global/networks/vpc-network",
                    "require_ssl": false
                  }
                ],
                "location_preference": [
                  {
                    "follow_gae_application": "",
                    "zone": "europe-north1-a"
                  }
                ],
                "maintenance_window": [],
                "pricing_plan": "PER_USE",
                "replication_type": "SYNCHRONOUS",
                "tier": "db-f1-micro",
                "user_labels": {},
                "version": 1
              }
            ],
            "timeouts": null
          },
          "sensitive_attributes": [],
          "private": "eyJlMmJmYjczMC1lY2FhLTExZTYtOGY4OC0zNDM2M2JjN2M0YzAiOnsiY3JlYXRlIjoxMjAwMDAwMDAwMDAwLCJkZWxldGUiOjEyMDAwMDAwMDAwMDAsInVwZGF0ZSI6MTIwMDAwMDAwMDAwMH19",
          "dependencies": [
            "module.db.random_id.db_name_suffix",
            "module.gcn.google_compute_network.vpc_network"
          ]
        }
      ]
    },
    {
      "module": "module.db",
      "mode": "managed",
      "type": "google_sql_user",
      "name": "postgresql_user",
      "provider": "provider[\"registry.terraform.io/hashicorp/google\"]",
      "instances": [
        {
          "schema_version": 1,
          "attributes": {
            "deletion_policy": null,
            "host": "",
            "id": "blog_backend//postgres-db-instance-edf0c351",
            "instance": "postgres-db-instance-edf0c351",
            "name": "blog_backend",
            "password": "db34bf4f367ba809",
            "project": "yndblog",
            "timeouts": null,
            "type": ""
          },
          "sensitive_attributes": [],
          "private": "eyJlMmJmYjczMC1lY2FhLTExZTYtOGY4OC0zNDM2M2JjN2M0YzAiOnsiY3JlYXRlIjo2MDAwMDAwMDAwMDAsImRlbGV0ZSI6NjAwMDAwMDAwMDAwLCJ1cGRhdGUiOjYwMDAwMDAwMDAwMH0sInNjaGVtYV92ZXJzaW9uIjoiMSJ9",
          "dependencies": [
            "module.db.google_sql_database_instance.db",
            "module.db.random_id.db_name_suffix",
            "module.db.random_id.user_password",
            "module.gcn.google_compute_network.vpc_network"
          ]
        }
      ]
    },
    {
      "module": "module.db",
      "mode": "managed",
      "type": "random_id",
      "name": "db_name_suffix",
      "provider": "provider[\"registry.terraform.io/hashicorp/random\"]",
      "instances": [
        {
          "schema_version": 0,
          "attributes": {
            "b64_std": "7fDDUQ==",
            "b64_url": "7fDDUQ",
            "byte_length": 4,
            "dec": "3991978833",
            "hex": "edf0c351",
            "id": "7fDDUQ",
            "keepers": null,
            "prefix": null
          },
          "sensitive_attributes": [],
          "private": "bnVsbA=="
        }
      ]
    },
    {
      "module": "module.db",
      "mode": "managed",
      "type": "random_id",
      "name": "user_password",
      "provider": "provider[\"registry.terraform.io/hashicorp/random\"]",
      "instances": [
        {
          "schema_version": 0,
          "attributes": {
            "b64_std": "2zS/TzZ7qAk=",
            "b64_url": "2zS_TzZ7qAk",
            "byte_length": 8,
            "dec": "15795460140032567305",
            "hex": "db34bf4f367ba809",
            "id": "2zS_TzZ7qAk",
            "keepers": null,
            "prefix": null
          },
          "sensitive_attributes": [],
          "private": "bnVsbA=="
        }
      ]
    },
    {
      "module": "module.gcn",
      "mode": "managed",
      "type": "google_compute_global_address",
      "name": "private_postgresql_connection_impl",
      "provider": "provider[\"registry.terraform.io/hashicorp/google-beta\"]",
      "instances": [
        {
          "schema_version": 0,
          "attributes": {
            "address": "10.35.0.0",
            "address_type": "INTERNAL",
            "creation_timestamp": "2021-01-21T05:30:51.295-08:00",
            "description": "",
            "id": "projects/yndblog/global/addresses/postgresql-private-ip-adress",
            "ip_version": "",
            "label_fingerprint": "42WmSpB8rSM=",
            "labels": {},
            "name": "postgresql-private-ip-adress",
            "network": "https://www.googleapis.com/compute/v1/projects/yndblog/global/networks/vpc-network",
            "prefix_length": 16,
            "project": "yndblog",
            "purpose": "VPC_PEERING",
            "self_link": "https://www.googleapis.com/compute/v1/projects/yndblog/global/addresses/postgresql-private-ip-adress",
            "timeouts": null
          },
          "sensitive_attributes": [],
          "private": "eyJlMmJmYjczMC1lY2FhLTExZTYtOGY4OC0zNDM2M2JjN2M0YzAiOnsiY3JlYXRlIjoyNDAwMDAwMDAwMDAsImRlbGV0ZSI6MjQwMDAwMDAwMDAwLCJ1cGRhdGUiOjI0MDAwMDAwMDAwMH19",
          "dependencies": [
            "module.gcn.google_compute_network.vpc_network"
          ]
        }
      ]
    },
    {
      "module": "module.gcn",
      "mode": "managed",
      "type": "google_compute_network",
      "name": "vpc_network",
      "provider": "provider[\"registry.terraform.io/hashicorp/google\"]",
      "instances": [
        {
          "schema_version": 0,
          "attributes": {
            "auto_create_subnetworks": true,
            "delete_default_routes_on_create": false,
            "description": "",
            "gateway_ipv4": "",
            "id": "projects/yndblog/global/networks/vpc-network",
            "mtu": 1500,
            "name": "vpc-network",
            "project": "yndblog",
            "routing_mode": "REGIONAL",
            "self_link": "https://www.googleapis.com/compute/v1/projects/yndblog/global/networks/vpc-network",
            "timeouts": null
          },
          "sensitive_attributes": [],
          "private": "eyJlMmJmYjczMC1lY2FhLTExZTYtOGY4OC0zNDM2M2JjN2M0YzAiOnsiY3JlYXRlIjoyNDAwMDAwMDAwMDAsImRlbGV0ZSI6MjQwMDAwMDAwMDAwLCJ1cGRhdGUiOjI0MDAwMDAwMDAwMH19"
        }
      ]
    },
    {
      "module": "module.gcn",
      "mode": "managed",
      "type": "google_service_networking_connection",
      "name": "private_postgresql_connection",
      "provider": "provider[\"registry.terraform.io/hashicorp/google-beta\"]",
      "instances": [
        {
          "schema_version": 0,
          "attributes": {
            "id": "projects%2Fyndblog%2Fglobal%2Fnetworks%2Fvpc-network:servicenetworking.googleapis.com",
            "network": "projects/yndblog/global/networks/vpc-network",
            "peering": "servicenetworking-googleapis-com",
            "reserved_peering_ranges": [
              "postgresql-private-ip-adress"
            ],
            "service": "servicenetworking.googleapis.com",
            "timeouts": null
          },
          "sensitive_attributes": [],
          "private": "eyJlMmJmYjczMC1lY2FhLTExZTYtOGY4OC0zNDM2M2JjN2M0YzAiOnsiY3JlYXRlIjo2MDAwMDAwMDAwMDAsImRlbGV0ZSI6NjAwMDAwMDAwMDAwLCJ1cGRhdGUiOjYwMDAwMDAwMDAwMH19",
          "dependencies": [
            "module.gcn.google_compute_global_address.private_postgresql_connection_impl",
            "module.gcn.google_compute_network.vpc_network"
          ]
        }
      ]
    }
  ]
}
